
Microsoft Visual Studio Solution File, Format Version 12.00
# Visual Studio Version 17
VisualStudioVersion = 17.8.34330.188
MinimumVisualStudioVersion = 10.0.40219.1
Project("{00D1A9C2-B5F0-4AF3-8072-F6C62B433612}") = "Database", "Database\Database.sqlproj", "{D8141F18-4FE0-427D-9DEE-E920FCD65F99}"
EndProject
Global
	GlobalSection(SolutionConfigurationPlatforms) = preSolution
		Debug|Any CPU = Debug|Any CPU
		Release|Any CPU = Release|Any CPU
	EndGlobalSection
	GlobalSection(ProjectConfigurationPlatforms) = postSolution
		{D8141F18-4FE0-427D-9DEE-E920FCD65F99}.Debug|Any CPU.ActiveCfg = Debug|Any CPU
		{D8141F18-4FE0-427D-9DEE-E920FCD65F99}.Debug|Any CPU.Build.0 = Debug|Any CPU
		{D8141F18-4FE0-427D-9DEE-E920FCD65F99}.Debug|Any CPU.Deploy.0 = Debug|Any CPU
		{D8141F18-4FE0-427D-9DEE-E920FCD65F99}.Release|Any CPU.ActiveCfg = Release|Any CPU
		{D8141F18-4FE0-427D-9DEE-E920FCD65F99}.Release|Any CPU.Build.0 = Release|Any CPU
		{D8141F18-4FE0-427D-9DEE-E920FCD65F99}.Release|Any CPU.Deploy.0 = Release|Any CPU
	EndGlobalSection
	GlobalSection(SolutionProperties) = preSolution
		HideSolutionNode = FALSE
	EndGlobalSection
	GlobalSection(ExtensibilityGlobals) = postSolution
		SolutionGuid = {53C6987D-7B15-404E-9202-F8DD0ECC7C42}
	EndGlobalSection
EndGlobal
